// !$*UTF8*$!
{
	archiveVersion = 1;
	classes = {
	};
	objectVersion = 46;
	objects = {

/* Begin PBXBuildFile section */
		F3D057771F37913500CBDA65 /* AppDelegate.swift in Sources */ = {isa = PBXBuildFile; fileRef = F3D057761F37913500CBDA65 /* AppDelegate.swift */; };
		F3D057791F37913500CBDA65 /* ViewController.swift in Sources */ = {isa = PBXBuildFile; fileRef = F3D057781F37913500CBDA65 /* ViewController.swift */; };
		F3D0577C1F37913500CBDA65 /* Main.storyboard in Resources */ = {isa = PBXBuildFile; fileRef = F3D0577A1F37913500CBDA65 /* Main.storyboard */; };
		F3D0577E1F37913500CBDA65 /* Assets.xcassets in Resources */ = {isa = PBXBuildFile; fileRef = F3D0577D1F37913500CBDA65 /* Assets.xcassets */; };
		F3D057811F37913500CBDA65 /* LaunchScreen.storyboard in Resources */ = {isa = PBXBuildFile; fileRef = F3D0577F1F37913500CBDA65 /* LaunchScreen.storyboard */; };
		F3D0578C1F37913500CBDA65 /* Tip_CalculatorTests.swift in Sources */ = {isa = PBXBuildFile; fileRef = F3D0578B1F37913500CBDA65 /* Tip_CalculatorTests.swift */; };
		F3D057971F37913500CBDA65 /* Tip_CalculatorUITests.swift in Sources */ = {isa = PBXBuildFile; fileRef = F3D057961F37913500CBDA65 /* Tip_CalculatorUITests.swift */; };
/* End PBXBuildFile section */

/* Begin PBXContainerItemProxy section */
		F3D057881F37913500CBDA65 /* PBXContainerItemProxy */ = {
			isa = PBXContainerItemProxy;
			containerPortal = F3D0576B1F37913400CBDA65 /* Project object */;
			proxyType = 1;
			remoteGlobalIDString = F3D057721F37913400CBDA65;
			remoteInfo = "Tip Calculator";
		};
		F3D057931F37913500CBDA65 /* PBXContainerItemProxy */ = {
			isa = PBXContainerItemProxy;
			containerPortal = F3D0576B1F37913400CBDA65 /* Project object */;
			proxyType = 1;
			remoteGlobalIDString = F3D057721F37913400CBDA65;
			remoteInfo = "Tip Calculator";
		};
/* End PBXContainerItemProxy section */

/* Begin PBXFileReference section */
		F3D057731F37913500CBDA65 /* Tip Calculator.app */ = {isa = PBXFileReference; explicitFileType = wrapper.application; includeInIndex = 0; path = "Tip Calculator.app"; sourceTree = BUILT_PRODUCTS_DIR; };
		F3D057761F37913500CBDA65 /* AppDelegate.swift */ = {isa = PBXFileReference; lastKnownFileType = sourcecode.swift; path = AppDelegate.swift; sourceTree = "<group>"; };
		F3D057781F37913500CBDA65 /* ViewController.swift */ = {isa = PBXFileReference; lastKnownFileType = sourcecode.swift; path = ViewController.swift; sourceTree = "<group>"; };
		F3D0577B1F37913500CBDA65 /* Base */ = {isa = PBXFileReference; lastKnownFileType = file.storyboard; name = Base; path = Base.lproj/Main.storyboard; sourceTree = "<group>"; };
		F3D0577D1F37913500CBDA65 /* Assets.xcassets */ = {isa = PBXFileReference; lastKnownFileType = folder.assetcatalog; path = Assets.xcassets; sourceTree = "<group>"; };
		F3D057801F37913500CBDA65 /* Base */ = {isa = PBXFileReference; lastKnownFileType = file.storyboard; name = Base; path = Base.lproj/LaunchScreen.storyboard; sourceTree = "<group>"; };
		F3D057821F37913500CBDA65 /* Info.plist */ = {isa = PBXFileReference; lastKnownFileType = text.plist.xml; path = Info.plist; sourceTree = "<group>"; };
		F3D057871F37913500CBDA65 /* Tip CalculatorTests.xctest */ = {isa = PBXFileReference; explicitFileType = wrapper.cfbundle; includeInIndex = 0; path = "Tip CalculatorTests.xctest"; sourceTree = BUILT_PRODUCTS_DIR; };
		F3D0578B1F37913500CBDA65 /* Tip_CalculatorTests.swift */ = {isa = PBXFileReference; lastKnownFileType = sourcecode.swift; path = Tip_CalculatorTests.swift; sourceTree = "<group>"; };
		F3D0578D1F37913500CBDA65 /* Info.plist */ = {isa = PBXFileReference; lastKnownFileType = text.plist.xml; path = Info.plist; sourceTree = "<group>"; };
		F3D057921F37913500CBDA65 /* Tip CalculatorUITests.xctest */ = {isa = PBXFileReference; explicitFileType = wrapper.cfbundle; includeInIndex = 0; path = "Tip CalculatorUITests.xctest"; sourceTree = BUILT_PRODUCTS_DIR; };
		F3D057961F37913500CBDA65 /* Tip_CalculatorUITests.swift */ = {isa = PBXFileReference; lastKnownFileType = sourcecode.swift; path = Tip_CalculatorUITests.swift; sourceTree = "<group>"; };
		F3D057981F37913500CBDA65 /* Info.plist */ = {isa = PBXFileReference; lastKnownFileType = text.plist.xml; path = Info.plist; sourceTree = "<group>"; };
/* End PBXFileReference section */

/* Begin PBXFrameworksBuildPhase section */
		F3D057701F37913400CBDA65 /* Frameworks */ = {
			isa = PBXFrameworksBuildPhase;
			buildActionMask = 2147483647;
			files = (
			);
			runOnlyForDeploymentPostprocessing = 0;
		};
		F3D057841F37913500CBDA65 /* Frameworks */ = {
			isa = PBXFrameworksBuildPhase;
			buildActionMask = 2147483647;
			files = (
			);
			runOnlyForDeploymentPostprocessing = 0;
		};
		F3D0578F1F37913500CBDA65 /* Frameworks */ = {
			isa = PBXFrameworksBuildPhase;
			buildActionMask = 2147483647;
			files = (
			);
			runOnlyForDeploymentPostprocessing = 0;
		};
/* End PBXFrameworksBuildPhase section */

/* Begin PBXGroup section */
		F3D0576A1F37913400CBDA65 = {
			isa = PBXGroup;
			children = (
				F3D057751F37913500CBDA65 /* Tip Calculator */,
				F3D0578A1F37913500CBDA65 /* Tip CalculatorTests */,
				F3D057951F37913500CBDA65 /* Tip CalculatorUITests */,
				F3D057741F37913500CBDA65 /* Products */,
			);
			sourceTree = "<group>";
		};
		F3D057741F37913500CBDA65 /* Products */ = {
			isa = PBXGroup;
			children = (
				F3D057731F37913500CBDA65 /* Tip Calculator.app */,
				F3D057871F37913500CBDA65 /* Tip CalculatorTests.xctest */,
				F3D057921F37913500CBDA65 /* Tip CalculatorUITests.xctest */,
			);
			name = Products;
			sourceTree = "<group>";
		};
		F3D057751F37913500CBDA65 /* Tip Calculator */ = {
			isa = PBXGroup;
			children = (
				F3D057761F37913500CBDA65 /* AppDelegate.swift */,
				F3D057781F37913500CBDA65 /* ViewController.swift */,
				F3D0577A1F37913500CBDA65 /* Main.storyboard */,
				F3D0577D1F37913500CBDA65 /* Assets.xcassets */,
				F3D0577F1F37913500CBDA65 /* LaunchScreen.storyboard */,
				F3D057821F37913500CBDA65 /* Info.plist */,
			);
			path = "Tip Calculator";
			sourceTree = "<group>";
		};
		F3D0578A1F37913500CBDA65 /* Tip CalculatorTests */ = {
			isa = PBXGroup;
			children = (
				F3D0578B1F37913500CBDA65 /* Tip_CalculatorTests.swift */,
				F3D0578D1F37913500CBDA65 /* Info.plist */,
			);
			path = "Tip CalculatorTests";
			sourceTree = "<group>";
		};
		F3D057951F37913500CBDA65 /* Tip CalculatorUITests */ = {
			isa = PBXGroup;
			children = (
				F3D057961F37913500CBDA65 /* Tip_CalculatorUITests.swift */,
				F3D057981F37913500CBDA65 /* Info.plist */,
			);
			path = "Tip CalculatorUITests";
			sourceTree = "<group>";
		};
/* End PBXGroup section */

/* Begin PBXNativeTarget section */
		F3D057721F37913400CBDA65 /* Tip Calculator */ = {
			isa = PBXNativeTarget;
			buildConfigurationList = F3D0579B1F37913500CBDA65 /* Build configuration list for PBXNativeTarget "Tip Calculator" */;
			buildPhases = (
				F3D0576F1F37913400CBDA65 /* Sources */,
				F3D057701F37913400CBDA65 /* Frameworks */,
				F3D057711F37913400CBDA65 /* Resources */,
			);
			buildRules = (
			);
			dependencies = (
			);
			name = "Tip Calculator";
			productName = "Tip Calculator";
			productReference = F3D057731F37913500CBDA65 /* Tip Calculator.app */;
			productType = "com.apple.product-type.application";
		};
		F3D057861F37913500CBDA65 /* Tip CalculatorTests */ = {
			isa = PBXNativeTarget;
			buildConfigurationList = F3D0579E1F37913500CBDA65 /* Build configuration list for PBXNativeTarget "Tip CalculatorTests" */;
			buildPhases = (
				F3D057831F37913500CBDA65 /* Sources */,
				F3D057841F37913500CBDA65 /* Frameworks */,
				F3D057851F37913500CBDA65 /* Resources */,
			);
			buildRules = (
			);
			dependencies = (
				F3D057891F37913500CBDA65 /* PBXTargetDependency */,
			);
			name = "Tip CalculatorTests";
			productName = "Tip CalculatorTests";
			productReference = F3D057871F37913500CBDA65 /* Tip CalculatorTests.xctest */;
			productType = "com.apple.product-type.bundle.unit-test";
		};
		F3D057911F37913500CBDA65 /* Tip CalculatorUITests */ = {
			isa = PBXNativeTarget;
			buildConfigurationList = F3D057A11F37913500CBDA65 /* Build configuration list for PBXNativeTarget "Tip CalculatorUITests" */;
			buildPhases = (
				F3D0578E1F37913500CBDA65 /* Sources */,
				F3D0578F1F37913500CBDA65 /* Frameworks */,
				F3D057901F37913500CBDA65 /* Resources */,
			);
			buildRules = (
			);
			dependencies = (
				F3D057941F37913500CBDA65 /* PBXTargetDependency */,
			);
			name = "Tip CalculatorUITests";
			productName = "Tip CalculatorUITests";
			productReference = F3D057921F37913500CBDA65 /* Tip CalculatorUITests.xctest */;
			productType = "com.apple.product-type.bundle.ui-testing";
		};
/* End PBXNativeTarget section */

/* Begin PBXProject section */
		F3D0576B1F37913400CBDA65 /* Project object */ = {
			isa = PBXProject;
			attributes = {
				LastSwiftUpdateCheck = 0830;
				LastUpgradeCheck = 0830;
				ORGANIZATIONNAME = "Vijay Ram";
				TargetAttributes = {
					F3D057721F37913400CBDA65 = {
						CreatedOnToolsVersion = 8.3.3;
						ProvisioningStyle = Automatic;
					};
					F3D057861F37913500CBDA65 = {
						CreatedOnToolsVersion = 8.3.3;
						ProvisioningStyle = Automatic;
						TestTargetID = F3D057721F37913400CBDA65;
					};
					F3D057911F37913500CBDA65 = {
						CreatedOnToolsVersion = 8.3.3;
						ProvisioningStyle = Automatic;
						TestTargetID = F3D057721F37913400CBDA65;
					};
				};
			};
			buildConfigurationList = F3D0576E1F37913400CBDA65 /* Build configuration list for PBXProject "Tip Calculator" */;
			compatibilityVersion = "Xcode 3.2";
			developmentRegion = English;
			hasScannedForEncodings = 0;
			knownRegions = (
				en,
				Base,
			);
			mainGroup = F3D0576A1F37913400CBDA65;
			productRefGroup = F3D057741F37913500CBDA65 /* Products */;
			projectDirPath = "";
			projectRoot = "";
			targets = (
				F3D057721F37913400CBDA65 /* Tip Calculator */,
				F3D057861F37913500CBDA65 /* Tip CalculatorTests */,
				F3D057911F37913500CBDA65 /* Tip CalculatorUITests */,
			);
		};
/* End PBXProject section */

/* Begin PBXResourcesBuildPhase section */
		F3D057711F37913400CBDA65 /* Resources */ = {
			isa = PBXResourcesBuildPhase;
			buildActionMask = 2147483647;
			files = (
				F3D057811F37913500CBDA65 /* LaunchScreen.storyboard in Resources */,
				F3D0577E1F37913500CBDA65 /* Assets.xcassets in Resources */,
				F3D0577C1F37913500CBDA65 /* Main.storyboard in Resources */,
			);
			runOnlyForDeploymentPostprocessing = 0;
		};
		F3D057851F37913500CBDA65 /* Resources */ = {
			isa = PBXResourcesBuildPhase;
			buildActionMask = 2147483647;
			files = (
			);
			runOnlyForDeploymentPostprocessing = 0;
		};
		F3D057901F37913500CBDA65 /* Resources */ = {
			isa = PBXResourcesBuildPhase;
			buildActionMask = 2147483647;
			files = (
			);
			runOnlyForDeploymentPostprocessing = 0;
		};
/* End PBXResourcesBuildPhase section */

/* Begin PBXSourcesBuildPhase section */
		F3D0576F1F37913400CBDA65 /* Sources */ = {
			isa = PBXSourcesBuildPhase;
			buildActionMask = 2147483647;
			files = (
				F3D057791F37913500CBDA65 /* ViewController.swift in Sources */,
				F3D057771F37913500CBDA65 /* AppDelegate.swift in Sources */,
			);
			runOnlyForDeploymentPostprocessing = 0;
		};
		F3D057831F37913500CBDA65 /* Sources */ = {
			isa = PBXSourcesBuildPhase;
			buildActionMask = 2147483647;
			files = (
				F3D0578C1F37913500CBDA65 /* Tip_CalculatorTests.swift in Sources */,
			);
			runOnlyForDeploymentPostprocessing = 0;
		};
		F3D0578E1F37913500CBDA65 /* Sources */ = {
			isa = PBXSourcesBuildPhase;
			buildActionMask = 2147483647;
			files = (
				F3D057971F37913500CBDA65 /* Tip_CalculatorUITests.swift in Sources */,
			);
			runOnlyForDeploymentPostprocessing = 0;
		};
/* End PBXSourcesBuildPhase section */

/* Begin PBXTargetDependency section */
		F3D057891F37913500CBDA65 /* PBXTargetDependency */ = {
			isa = PBXTargetDependency;
			target = F3D057721F37913400CBDA65 /* Tip Calculator */;
			targetProxy = F3D057881F37913500CBDA65 /* PBXContainerItemProxy */;
		};
		F3D057941F37913500CBDA65 /* PBXTargetDependency */ = {
			isa = PBXTargetDependency;
			target = F3D057721F37913400CBDA65 /* Tip Calculator */;
			targetProxy = F3D057931F37913500CBDA65 /* PBXContainerItemProxy */;
		};
/* End PBXTargetDependency section */

/* Begin PBXVariantGroup section */
		F3D0577A1F37913500CBDA65 /* Main.storyboard */ = {
			isa = PBXVariantGroup;
			children = (
				F3D0577B1F37913500CBDA65 /* Base */,
			);
			name = Main.storyboard;
			sourceTree = "<group>";
		};
		F3D0577F1F37913500CBDA65 /* LaunchScreen.storyboard */ = {
			isa = PBXVariantGroup;
			children = (
				F3D057801F37913500CBDA65 /* Base */,
			);
			name = LaunchScreen.storyboard;
			sourceTree = "<group>";
		};
/* End PBXVariantGroup section */

/* Begin XCBuildConfiguration section */
		F3D057991F37913500CBDA65 /* Debug */ = {
			isa = XCBuildConfiguration;
			buildSettings = {
				ALWAYS_SEARCH_USER_PATHS = NO;
				CLANG_ANALYZER_NONNULL = YES;
				CLANG_ANALYZER_NUMBER_OBJECT_CONVERSION = YES_AGGRESSIVE;
				CLANG_CXX_LANGUAGE_STANDARD = "gnu++0x";
				CLANG_CXX_LIBRARY = "libc++";
				CLANG_ENABLE_MODULES = YES;
				CLANG_ENABLE_OBJC_ARC = YES;
				CLANG_WARN_BOOL_CONVERSION = YES;
				CLANG_WARN_CONSTANT_CONVERSION = YES;
				CLANG_WARN_DIRECT_OBJC_ISA_USAGE = YES_ERROR;
				CLANG_WARN_DOCUMENTATION_COMMENTS = YES;
				CLANG_WARN_EMPTY_BODY = YES;
				CLANG_WARN_ENUM_CONVERSION = YES;
				CLANG_WARN_INFINITE_RECURSION = YES;
				CLANG_WARN_INT_CONVERSION = YES;
				CLANG_WARN_OBJC_ROOT_CLASS = YES_ERROR;
				CLANG_WARN_SUSPICIOUS_MOVE = YES;
				CLANG_WARN_UNREACHABLE_CODE = YES;
				CLANG_WARN__DUPLICATE_METHOD_MATCH = YES;
				"CODE_SIGN_IDENTITY[sdk=iphoneos*]" = "iPhone Developer";
				COPY_PHASE_STRIP = NO;
				DEBUG_INFORMATION_FORMAT = dwarf;
				ENABLE_STRICT_OBJC_MSGSEND = YES;
				ENABLE_TESTABILITY = YES;
				GCC_C_LANGUAGE_STANDARD = gnu99;
				GCC_DYNAMIC_NO_PIC = NO;
				GCC_NO_COMMON_BLOCKS = YES;
				GCC_OPTIMIZATION_LEVEL = 0;
				GCC_PREPROCESSOR_DEFINITIONS = (
					"DEBUG=1",
					"$(inherited)",
				);
				GCC_WARN_64_TO_32_BIT_CONVERSION = YES;
				GCC_WARN_ABOUT_RETURN_TYPE = YES_ERROR;
				GCC_WARN_UNDECLARED_SELECTOR = YES;
				GCC_WARN_UNINITIALIZED_AUTOS = YES_AGGRESSIVE;
				GCC_WARN_UNUSED_FUNCTION = YES;
				GCC_WARN_UNUSED_VARIABLE = YES;
				IPHONEOS_DEPLOYMENT_TARGET = 10.3;
				MTL_ENABLE_DEBUG_INFO = YES;
				ONLY_ACTIVE_ARCH = YES;
				SDKROOT = iphoneos;
				SWIFT_ACTIVE_COMPILATION_CONDITIONS = DEBUG;
				SWIFT_OPTIMIZATION_LEVEL = "-Onone";
			};
			name = Debug;
		};
		F3D0579A1F37913500CBDA65 /* Release */ = {
			isa = XCBuildConfiguration;
			buildSettings = {
				ALWAYS_SEARCH_USER_PATHS = NO;
				CLANG_ANALYZER_NONNULL = YES;
				CLANG_ANALYZER_NUMBER_OBJECT_CONVERSION = YES_AGGRESSIVE;
				CLANG_CXX_LANGUAGE_STANDARD = "gnu++0x";
				CLANG_CXX_LIBRARY = "libc++";
				CLANG_ENABLE_MODULES = YES;
				CLANG_ENABLE_OBJC_ARC = YES;
				CLANG_WARN_BOOL_CONVERSION = YES;
				CLANG_WARN_CONSTANT_CONVERSION = YES;
				CLANG_WARN_DIRECT_OBJC_ISA_USAGE = YES_ERROR;
				CLANG_WARN_DOCUMENTATION_COMMENTS = YES;
				CLANG_WARN_EMPTY_BODY = YES;
				CLANG_WARN_ENUM_CONVERSION = YES;
				CLANG_WARN_INFINITE_RECURSION = YES;
				CLANG_WARN_INT_CONVERSION = YES;
				CLANG_WARN_OBJC_ROOT_CLASS = YES_ERROR;
				CLANG_WARN_SUSPICIOUS_MOVE = YES;
				CLANG_WARN_UNREACHABLE_CODE = YES;
				CLANG_WARN__DUPLICATE_METHOD_MATCH = YES;
				"CODE_SIGN_IDENTITY[sdk=iphoneos*]" = "iPhone Developer";
				COPY_PHASE_STRIP = NO;
				DEBUG_INFORMATION_FORMAT = "dwarf-with-dsym";
				ENABLE_NS_ASSERTIONS = NO;
				ENABLE_STRICT_OBJC_MSGSEND = YES;
				GCC_C_LANGUAGE_STANDARD = gnu99;
				GCC_NO_COMMON_BLOCKS = YES;
				GCC_WARN_64_TO_32_BIT_CONVERSION = YES;
				GCC_WARN_ABOUT_RETURN_TYPE = YES_ERROR;
				GCC_WARN_UNDECLARED_SELECTOR = YES;
				GCC_WARN_UNINITIALIZED_AUTOS = YES_AGGRESSIVE;
				GCC_WARN_UNUSED_FUNCTION = YES;
				GCC_WARN_UNUSED_VARIABLE = YES;
				IPHONEOS_DEPLOYMENT_TARGET = 10.3;
				MTL_ENABLE_DEBUG_INFO = NO;
				SDKROOT = iphoneos;
				SWIFT_OPTIMIZATION_LEVEL = "-Owholemodule";
				VALIDATE_PRODUCT = YES;
			};
			name = Release;
		};
		F3D0579C1F37913500CBDA65 /* Debug */ = {
			isa = XCBuildConfiguration;
			buildSettings = {
				ASSETCATALOG_COMPILER_APPICON_NAME = AppIcon;
				INFOPLIST_FILE = "Tip Calculator/Info.plist";
				LD_RUNPATH_SEARCH_PATHS = "$(inherited) @executable_path/Frameworks";
				PRODUCT_BUNDLE_IDENTIFIER = "Personal.Tip-Calculator";
				PRODUCT_NAME = "$(TARGET_NAME)";
				SWIFT_VERSION = 3.0;
			};
			name = Debug;
		};
		F3D0579D1F37913500CBDA65 /* Release */ = {
			isa = XCBuildConfiguration;
			buildSettings = {
				ASSETCATALOG_COMPILER_APPICON_NAME = AppIcon;
				INFOPLIST_FILE = "Tip Calculator/Info.plist";
				LD_RUNPATH_SEARCH_PATHS = "$(inherited) @executable_path/Frameworks";
				PRODUCT_BUNDLE_IDENTIFIER = "Personal.Tip-Calculator";
				PRODUCT_NAME = "$(TARGET_NAME)";
				SWIFT_VERSION = 3.0;
			};
			name = Release;
		};
		F3D0579F1F37913500CBDA65 /* Debug */ = {
			isa = XCBuildConfiguration;
			buildSettings = {
				ALWAYS_EMBED_SWIFT_STANDARD_LIBRARIES = YES;
				BUNDLE_LOADER = "$(TEST_HOST)";
				INFOPLIST_FILE = "Tip CalculatorTests/Info.plist";
				LD_RUNPATH_SEARCH_PATHS = "$(inherited) @executable_path/Frameworks @loader_path/Frameworks";
				PRODUCT_BUNDLE_IDENTIFIER = "Personal.Tip-CalculatorTests";
				PRODUCT_NAME = "$(TARGET_NAME)";
				SWIFT_VERSION = 3.0;
				TEST_HOST = "$(BUILT_PRODUCTS_DIR)/Tip Calculator.app/Tip Calculator";
			};
			name = Debug;
		};
		F3D057A01F37913500CBDA65 /* Release */ = {
			isa = XCBuildConfiguration;
			buildSettings = {
				ALWAYS_EMBED_SWIFT_STANDARD_LIBRARIES = YES;
				BUNDLE_LOADER = "$(TEST_HOST)";
				INFOPLIST_FILE = "Tip CalculatorTests/Info.plist";
				LD_RUNPATH_SEARCH_PATHS = "$(inherited) @executable_path/Frameworks @loader_path/Frameworks";
				PRODUCT_BUNDLE_IDENTIFIER = "Personal.Tip-CalculatorTests";
				PRODUCT_NAME = "$(TARGET_NAME)";
				SWIFT_VERSION = 3.0;
				TEST_HOST = "$(BUILT_PRODUCTS_DIR)/Tip Calculator.app/Tip Calculator";
			};
			name = Release;
		};
		F3D057A21F37913500CBDA65 /* Debug */ = {
			isa = XCBuildConfiguration;
			buildSettings = {
				ALWAYS_EMBED_SWIFT_STANDARD_LIBRARIES = YES;
				INFOPLIST_FILE = "Tip CalculatorUITests/Info.plist";
				LD_RUNPATH_SEARCH_PATHS = "$(inherited) @executable_path/Frameworks @loader_path/Frameworks";
				PRODUCT_BUNDLE_IDENTIFIER = "Personal.Tip-CalculatorUITests";
				PRODUCT_NAME = "$(TARGET_NAME)";
				SWIFT_VERSION = 3.0;
				TEST_TARGET_NAME = "Tip Calculator";
			};
			name = Debug;
		};
		F3D057A31F37913500CBDA65 /* Release */ = {
			isa = XCBuildConfiguration;
			buildSettings = {
				ALWAYS_EMBED_SWIFT_STANDARD_LIBRARIES = YES;
				INFOPLIST_FILE = "Tip CalculatorUITests/Info.plist";
				LD_RUNPATH_SEARCH_PATHS = "$(inherited) @executable_path/Frameworks @loader_path/Frameworks";
				PRODUCT_BUNDLE_IDENTIFIER = "Personal.Tip-CalculatorUITests";
				PRODUCT_NAME = "$(TARGET_NAME)";
				SWIFT_VERSION = 3.0;
				TEST_TARGET_NAME = "Tip Calculator";
			};
			name = Release;
		};
/* End XCBuildConfiguration section */

/* Begin XCConfigurationList section */
		F3D0576E1F37913400CBDA65 /* Build configuration list for PBXProject "Tip Calculator" */ = {
			isa = XCConfigurationList;
			buildConfigurations = (
				F3D057991F37913500CBDA65 /* Debug */,
				F3D0579A1F37913500CBDA65 /* Release */,
			);
			defaultConfigurationIsVisible = 0;
			defaultConfigurationName = Release;
		};
		F3D0579B1F37913500CBDA65 /* Build configuration list for PBXNativeTarget "Tip Calculator" */ = {
			isa = XCConfigurationList;
			buildConfigurations = (
				F3D0579C1F37913500CBDA65 /* Debug */,
				F3D0579D1F37913500CBDA65 /* Release */,
			);
			defaultConfigurationIsVisible = 0;
		};
		F3D0579E1F37913500CBDA65 /* Build configuration list for PBXNativeTarget "Tip CalculatorTests" */ = {
			isa = XCConfigurationList;
			buildConfigurations = (
				F3D0579F1F37913500CBDA65 /* Debug */,
				F3D057A01F37913500CBDA65 /* Release */,
			);
			defaultConfigurationIsVisible = 0;
		};
		F3D057A11F37913500CBDA65 /* Build configuration list for PBXNativeTarget "Tip CalculatorUITests" */ = {
			isa = XCConfigurationList;
			buildConfigurations = (
				F3D057A21F37913500CBDA65 /* Debug */,
				F3D057A31F37913500CBDA65 /* Release */,
			);
			defaultConfigurationIsVisible = 0;
		};
/* End XCConfigurationList section */
	};
	rootObject = F3D0576B1F37913400CBDA65 /* Project object */;
}
